
Microsoft Visual Studio Solution File, Format Version 12.00
# Visual Studio Version 17
VisualStudioVersion = 17.4.33213.308
MinimumVisualStudioVersion = 10.0.40219.1
Project("{FAE04EC0-301F-11D3-BF4B-00C04F79EFBC}") = "DreamsWebApp", "DreamsWebApp\DreamsWebApp.csproj", "{5ED65192-E0CE-4F33-8D27-DDD0EC6BC12D}"
EndProject
Global
	GlobalSection(SolutionConfigurationPlatforms) = preSolution
		Debug|Any CPU = Debug|Any CPU
		Release|Any CPU = Release|Any CPU
	EndGlobalSection
	GlobalSection(ProjectConfigurationPlatforms) = postSolution
		{5ED65192-E0CE-4F33-8D27-DDD0EC6BC12D}.Debug|Any CPU.ActiveCfg = Debug|Any CPU
		{5ED65192-E0CE-4F33-8D27-DDD0EC6BC12D}.Debug|Any CPU.Build.0 = Debug|Any CPU
		{5ED65192-E0CE-4F33-8D27-DDD0EC6BC12D}.Release|Any CPU.ActiveCfg = Release|Any CPU
		{5ED65192-E0CE-4F33-8D27-DDD0EC6BC12D}.Release|Any CPU.Build.0 = Release|Any CPU
	EndGlobalSection
	GlobalSection(SolutionProperties) = preSolution
		HideSolutionNode = FALSE
	EndGlobalSection
	GlobalSection(ExtensibilityGlobals) = postSolution
		SolutionGuid = {1AAA5426-9DCE-48CD-9E0E-A47B29F1DC71}
	EndGlobalSection
EndGlobal
